
Microsoft Visual Studio Solution File, Format Version 12.00
# Visual Studio 15
VisualStudioVersion = 15.0.26730.16
MinimumVisualStudioVersion = 10.0.40219.1
Project("{9A19103F-16F7-4668-BE54-9A1E7A4F7556}") = "CellTracker", "CellTracker\CellTracker.csproj", "{AF1F2391-2E5A-46AF-8DF9-3E2C3646CB79}"
EndProject
Project("{9A19103F-16F7-4668-BE54-9A1E7A4F7556}") = "CellTracker.Repository", "CellTracker.Repository\CellTracker.Repository.csproj", "{CA165798-6CBE-459D-A5C0-1608506D3457}"
EndProject
Project("{FAE04EC0-301F-11D3-BF4B-00C04F79EFBC}") = "CellTracker.Services", "CellTracker.Services\CellTracker.Services.csproj", "{EA7D7531-D48E-4632-8DB5-1D5E9E4E377E}"
EndProject
Project("{FAE04EC0-301F-11D3-BF4B-00C04F79EFBC}") = "CellTracker.Tests", "CellTracker.Tests\CellTracker.Tests.csproj", "{8CD9F07F-A95E-4F37-AA08-40D70CDD5651}"
EndProject
Project("{FAE04EC0-301F-11D3-BF4B-00C04F79EFBC}") = "CellTracker.Common", "CellTracker.Common\CellTracker.Common.csproj", "{425A227A-E090-412F-BFE5-E5171C6008A1}"
EndProject
Global
	GlobalSection(SolutionConfigurationPlatforms) = preSolution
		Debug|Any CPU = Debug|Any CPU
		Release|Any CPU = Release|Any CPU
	EndGlobalSection
	GlobalSection(ProjectConfigurationPlatforms) = postSolution
		{AF1F2391-2E5A-46AF-8DF9-3E2C3646CB79}.Debug|Any CPU.ActiveCfg = Debug|Any CPU
		{AF1F2391-2E5A-46AF-8DF9-3E2C3646CB79}.Debug|Any CPU.Build.0 = Debug|Any CPU
		{AF1F2391-2E5A-46AF-8DF9-3E2C3646CB79}.Release|Any CPU.ActiveCfg = Release|Any CPU
		{AF1F2391-2E5A-46AF-8DF9-3E2C3646CB79}.Release|Any CPU.Build.0 = Release|Any CPU
		{CA165798-6CBE-459D-A5C0-1608506D3457}.Debug|Any CPU.ActiveCfg = Debug|Any CPU
		{CA165798-6CBE-459D-A5C0-1608506D3457}.Debug|Any CPU.Build.0 = Debug|Any CPU
		{CA165798-6CBE-459D-A5C0-1608506D3457}.Release|Any CPU.ActiveCfg = Release|Any CPU
		{CA165798-6CBE-459D-A5C0-1608506D3457}.Release|Any CPU.Build.0 = Release|Any CPU
		{EA7D7531-D48E-4632-8DB5-1D5E9E4E377E}.Debug|Any CPU.ActiveCfg = Debug|Any CPU
		{EA7D7531-D48E-4632-8DB5-1D5E9E4E377E}.Debug|Any CPU.Build.0 = Debug|Any CPU
		{EA7D7531-D48E-4632-8DB5-1D5E9E4E377E}.Release|Any CPU.ActiveCfg = Release|Any CPU
		{EA7D7531-D48E-4632-8DB5-1D5E9E4E377E}.Release|Any CPU.Build.0 = Release|Any CPU
		{8CD9F07F-A95E-4F37-AA08-40D70CDD5651}.Debug|Any CPU.ActiveCfg = Debug|Any CPU
		{8CD9F07F-A95E-4F37-AA08-40D70CDD5651}.Debug|Any CPU.Build.0 = Debug|Any CPU
		{8CD9F07F-A95E-4F37-AA08-40D70CDD5651}.Release|Any CPU.ActiveCfg = Release|Any CPU
		{8CD9F07F-A95E-4F37-AA08-40D70CDD5651}.Release|Any CPU.Build.0 = Release|Any CPU
		{425A227A-E090-412F-BFE5-E5171C6008A1}.Debug|Any CPU.ActiveCfg = Debug|Any CPU
		{425A227A-E090-412F-BFE5-E5171C6008A1}.Debug|Any CPU.Build.0 = Debug|Any CPU
		{425A227A-E090-412F-BFE5-E5171C6008A1}.Release|Any CPU.ActiveCfg = Release|Any CPU
		{425A227A-E090-412F-BFE5-E5171C6008A1}.Release|Any CPU.Build.0 = Release|Any CPU
	EndGlobalSection
	GlobalSection(SolutionProperties) = preSolution
		HideSolutionNode = FALSE
	EndGlobalSection
	GlobalSection(ExtensibilityGlobals) = postSolution
		SolutionGuid = {2F3BB97E-1F38-460A-928B-C3BC7E344B01}
	EndGlobalSection
EndGlobal
